
Microsoft Visual Studio Solution File, Format Version 12.00
# Visual Studio Version 16
VisualStudioVersion = 16.0.29001.49
MinimumVisualStudioVersion = 10.0.40219.1
Project("{FAE04EC0-301F-11D3-BF4B-00C04F79EFBC}") = "Assignment2", "Assignment2\Assignment2.csproj", "{B8861923-3050-4726-8CE9-F48FD00B99B0}"
EndProject
Global
	GlobalSection(SolutionConfigurationPlatforms) = preSolution
		Debug|Any CPU = Debug|Any CPU
		Release|Any CPU = Release|Any CPU
	EndGlobalSection
	GlobalSection(ProjectConfigurationPlatforms) = postSolution
		{B8861923-3050-4726-8CE9-F48FD00B99B0}.Debug|Any CPU.ActiveCfg = Debug|Any CPU
		{B8861923-3050-4726-8CE9-F48FD00B99B0}.Debug|Any CPU.Build.0 = Debug|Any CPU
		{B8861923-3050-4726-8CE9-F48FD00B99B0}.Release|Any CPU.ActiveCfg = Release|Any CPU
		{B8861923-3050-4726-8CE9-F48FD00B99B0}.Release|Any CPU.Build.0 = Release|Any CPU
	EndGlobalSection
	GlobalSection(SolutionProperties) = preSolution
		HideSolutionNode = FALSE
	EndGlobalSection
	GlobalSection(ExtensibilityGlobals) = postSolution
		SolutionGuid = {922C2931-42CA-4242-A66F-CCD5589144F4}
	EndGlobalSection
EndGlobal
